
Microsoft Visual Studio Solution File, Format Version 12.00
# Visual Studio Version 17
VisualStudioVersion = 17.5.002.0
MinimumVisualStudioVersion = 10.0.40219.1
Project("{9A19103F-16F7-4668-BE54-9A1E7A4F7556}") = "ASCII game text based test", "ASCII game text based test.csproj", "{A05D49FF-A34F-45A0-B67E-45697B0090F9}"
EndProject
Global
	GlobalSection(SolutionConfigurationPlatforms) = preSolution
		Debug|Any CPU = Debug|Any CPU
		Release|Any CPU = Release|Any CPU
	EndGlobalSection
	GlobalSection(ProjectConfigurationPlatforms) = postSolution
		{A05D49FF-A34F-45A0-B67E-45697B0090F9}.Debug|Any CPU.ActiveCfg = Debug|Any CPU
		{A05D49FF-A34F-45A0-B67E-45697B0090F9}.Debug|Any CPU.Build.0 = Debug|Any CPU
		{A05D49FF-A34F-45A0-B67E-45697B0090F9}.Release|Any CPU.ActiveCfg = Release|Any CPU
		{A05D49FF-A34F-45A0-B67E-45697B0090F9}.Release|Any CPU.Build.0 = Release|Any CPU
	EndGlobalSection
	GlobalSection(SolutionProperties) = preSolution
		HideSolutionNode = FALSE
	EndGlobalSection
	GlobalSection(ExtensibilityGlobals) = postSolution
		SolutionGuid = {C1B8F916-A88D-42BE-8CB3-2861C4BAA605}
	EndGlobalSection
EndGlobal
